<?xml version="1.0" encoding="utf-8"?>
<Project ToolsVersion="4.0" xmlns="http://schemas.microsoft.com/developer/msbuild/2003">
  <ItemGroup>
    <Filter Include="Source Files">
      <UniqueIdentifier>{4FC737F1-C7A5-4376-A066-2A32D752A2FF}</UniqueIdentifier>
      <Extensions>cpp;c;cc;cxx;def;odl;idl;hpj;bat;asm;asmx</Extensions>
    </Filter>
    <Filter Include="Header Files">
      <UniqueIdentifier>{93995380-89BD-4b04-88EB-625FBE52EBFB}</UniqueIdentifier>
      <Extensions>h;hh;hpp;hxx;hm;inl;inc;xsd</Extensions>
    </Filter>
    <Filter Include="Resource Files">
      <UniqueIdentifier>{67DA6AB6-F800-4c08-8B7A-83BB121AAD01}</UniqueIdentifier>
      <Extensions>rc;ico;cur;bmp;dlg;rc2;rct;bin;rgs;gif;jpg;jpeg;jpe;resx;tiff;tif;png;wav;mfcribbon-ms</Extensions>
    </Filter>
    <Filter Include="Header Files\Utils">
      <UniqueIdentifier>{0ad842ab-b7fe-4a82-bd6a-f330faff80a6}</UniqueIdentifier>
    </Filter>
    <Filter Include="Source Files\Utils">
      <UniqueIdentifier>{abf8107b-bac7-4bb3-8298-f8760d85f4c9}</UniqueIdentifier>
    </Filter>
    <Filter Include="Header Files\Camera">
      <UniqueIdentifier>{1e88d1e4-1321-43c6-bb56-61c17dd9950e}</UniqueIdentifier>
    </Filter>
    <Filter Include="Source Files\Camera">
      <UniqueIdentifier>{7069c4a9-05a8-4c94-9965-818467a2eecf}</UniqueIdentifier>
    </Filter>
    <Filter Include="Header Files\Geometry">
      <UniqueIdentifier>{f2fce105-1c63-4f89-9937-deccbe2e2409}</UniqueIdentifier>
    </Filter>
    <Filter Include="Header Files\Math">
      <UniqueIdentifier>{4a413808-e320-4ab1-a833-b0365fdb9593}</UniqueIdentifier>
    </Filter>
    <Filter Include="Header Files\Renderer">
      <UniqueIdentifier>{454ddaa0-3c07-4de2-830d-dc45ce1fc1bd}</UniqueIdentifier>
    </Filter>
    <Filter Include="Source Files\Geometry">
      <UniqueIdentifier>{82fd91af-5967-426d-9cc8-2264242d5dce}</UniqueIdentifier>
    </Filter>
    <Filter Include="Header Files\Material">
      <UniqueIdentifier>{73c761aa-9bc7-481c-9634-980c750e9a6f}</UniqueIdentifier>
    </Filter>
    <Filter Include="Header Files\Threads">
      <UniqueIdentifier>{28ced46d-4b68-496e-aa5e-de65d73ba606}</UniqueIdentifier>
    </Filter>
    <Filter Include="Source Files\Threads">
      <UniqueIdentifier>{0a8cad44-f3d5-488b-9322-3d34a3afe355}</UniqueIdentifier>
    </Filter>
    <Filter Include="Source Files\Renderer">
      <UniqueIdentifier>{8a269723-ebbc-40f1-9137-9b7fd9d4a919}</UniqueIdentifier>
    </Filter>
    <Filter Include="Source Files\Integrators">
      <UniqueIdentifier>{3873ead2-f3cd-40e9-914c-309fcbf971de}</UniqueIdentifier>
    </Filter>
    <Filter Include="Source Files\Math">
      <UniqueIdentifier>{5685a5e1-a6c1-4ee7-8cf6-727bf3415ec4}</UniqueIdentifier>
    </Filter>
    <Filter Include="Header Files\Sampling">
      <UniqueIdentifier>{6731e4ce-7391-4711-974b-39c99ae8de7c}</UniqueIdentifier>
    </Filter>
    <Filter Include="Source Files\Lights">
      <UniqueIdentifier>{d453d9c0-0704-4f36-83ba-1330df83fe93}</UniqueIdentifier>
    </Filter>
    <Filter Include="Header Files\Filter">
      <UniqueIdentifier>{7170de81-cc98-4a3c-82ef-1bac8ac02fa1}</UniqueIdentifier>
    </Filter>
    <Filter Include="Header Files\Light">
      <UniqueIdentifier>{07eecd79-4d09-4687-98b6-a5b61d5db3bc}</UniqueIdentifier>
    </Filter>
    <Filter Include="Header Files\Integrator">
      <UniqueIdentifier>{eb9ad63d-7731-4cc2-830e-9144bfbc64cf}</UniqueIdentifier>
    </Filter>
    <Filter Include="Header Files\Spectral">
      <UniqueIdentifier>{b6356cbb-6d97-4264-b0b9-3151e07ca34f}</UniqueIdentifier>
    </Filter>
    <Filter Include="Header Files\Texture">
      <UniqueIdentifier>{7e554ab2-9ecd-40a1-bada-9214df4b4463}</UniqueIdentifier>
    </Filter>
    <Filter Include="Source Files\Material">
      <UniqueIdentifier>{eff30e05-6c5f-4562-a51e-9c12bffcdbd1}</UniqueIdentifier>
    </Filter>
    <Filter Include="Header Files\Spatial">
      <UniqueIdentifier>{5a60a355-689d-41d9-b079-f98352be98bb}</UniqueIdentifier>
    </Filter>
    <Filter Include="Source Files\Sampling">
      <UniqueIdentifier>{f6075872-2f62-477d-aa64-caa27234efa4}</UniqueIdentifier>
    </Filter>
    <Filter Include="Source Files\Spatial">
      <UniqueIdentifier>{816ddd8f-197e-48be-99e4-3c705fa0819b}</UniqueIdentifier>
    </Filter>
    <Filter Include="Source Files\Spectral">
      <UniqueIdentifier>{17ba0bd6-b23a-4ddc-90b4-d5c8a2a28eff}</UniqueIdentifier>
    </Filter>
  </ItemGroup>
  <ItemGroup>
    <ClCompile Include="..\..\src\main.cpp">
      <Filter>Source Files</Filter>
    </ClCompile>
    <ClCompile Include="..\..\src\Utils.cpp">
      <Filter>Source Files\Utils</Filter>
    </ClCompile>
    <ClCompile Include="..\..\src\Camera.cpp">
      <Filter>Source Files\Camera</Filter>
    </ClCompile>
    <ClCompile Include="..\..\src\Triangle.cpp">
      <Filter>Source Files\Geometry</Filter>
    </ClCompile>
    <ClCompile Include="..\..\src\Plane.cpp">
      <Filter>Source Files\Geometry</Filter>
    </ClCompile>
    <ClCompile Include="..\..\src\Sphere.cpp">
      <Filter>Source Files\Geometry</Filter>
    </ClCompile>
    <ClCompile Include="..\..\src\WorkerPool.cpp">
      <Filter>Source Files\Threads</Filter>
    </ClCompile>
    <ClCompile Include="..\..\src\Threading.cpp">
      <Filter>Source Files\Threads</Filter>
    </ClCompile>
    <ClCompile Include="..\..\src\OpenGLRenderer.cpp">
      <Filter>Source Files\Renderer</Filter>
    </ClCompile>
    <ClCompile Include="..\..\src\WhittedRayTracer.cpp">
      <Filter>Source Files\Integrators</Filter>
    </ClCompile>
    <ClCompile Include="..\..\src\Scene.cpp">
      <Filter>Source Files\Renderer</Filter>
    </ClCompile>
    <ClCompile Include="..\..\src\Ray.cpp">
      <Filter>Source Files\Math</Filter>
    </ClCompile>
    <ClCompile Include="..\..\src\NFFParser.cpp">
      <Filter>Source Files\Utils</Filter>
    </ClCompile>
    <ClCompile Include="..\..\src\UniformGrid.cpp">
      <Filter>Source Files\Spatial</Filter>
    </ClCompile>
    <ClCompile Include="..\..\src\Bounds.cpp">
      <Filter>Source Files\Geometry</Filter>
    </ClCompile>
    <ClCompile Include="..\..\src\Renderer.cpp">
      <Filter>Source Files\Renderer</Filter>
    </ClCompile>
    <ClCompile Include="..\..\src\Light.cpp">
      <Filter>Source Files\Lights</Filter>
    </ClCompile>
    <ClCompile Include="..\..\src\AreaLight.cpp">
      <Filter>Source Files\Lights</Filter>
    </ClCompile>
    <ClCompile Include="..\..\src\Transform.cpp">
      <Filter>Source Files\Math</Filter>
    </ClCompile>
    <ClCompile Include="..\..\src\Frame.cpp">
      <Filter>Source Files\Math</Filter>
    </ClCompile>
    <ClCompile Include="..\..\src\BSDF.cpp">
      <Filter>Source Files\Material</Filter>
    </ClCompile>
    <ClCompile Include="..\..\src\Lambertian.cpp">
      <Filter>Source Files\Material</Filter>
    </ClCompile>
    <ClCompile Include="..\..\src\OrenNayar.cpp">
      <Filter>Source Files\Material</Filter>
    </ClCompile>
    <ClCompile Include="..\..\src\Integrator.cpp">
      <Filter>Source Files\Integrators</Filter>
    </ClCompile>
    <ClCompile Include="..\..\src\Quat.cpp">
      <Filter>Source Files\Math</Filter>
    </ClCompile>
    <ClCompile Include="..\..\src\PathTracer.cpp">
      <Filter>Source Files\Integrators</Filter>
    </ClCompile>
    <ClCompile Include="..\..\src\Specular.cpp">
      <Filter>Source Files\Material</Filter>
    </ClCompile>
    <ClCompile Include="..\..\src\ThinSpecular.cpp">
      <Filter>Source Files\Material</Filter>
    </ClCompile>
    <ClCompile Include="..\..\src\Mirror.cpp">
      <Filter>Source Files\Material</Filter>
    </ClCompile>
    <ClCompile Include="..\..\src\Fresnel.cpp">
      <Filter>Source Files\Material</Filter>
    </ClCompile>
    <ClCompile Include="..\..\src\Microfacet.cpp">
      <Filter>Source Files\Material</Filter>
    </ClCompile>
    <ClCompile Include="..\..\src\PointLight.cpp">
      <Filter>Source Files\Lights</Filter>
    </ClCompile>
    <ClCompile Include="..\..\src\TriMesh.cpp">
      <Filter>Source Files\Geometry</Filter>
    </ClCompile>
    <ClCompile Include="..\..\src\MatrixStack.cpp">
      <Filter>Source Files\Utils</Filter>
    </ClCompile>
    <ClCompile Include="..\..\src\Resources.cpp">
      <Filter>Source Files\Utils</Filter>
    </ClCompile>
    <ClCompile Include="..\..\src\AshikhminShirley.cpp">
      <Filter>Source Files\Material</Filter>
    </ClCompile>
    <ClCompile Include="..\..\src\StratifiedSampler.cpp">
      <Filter>Source Files\Sampling</Filter>
    </ClCompile>
    <ClCompile Include="..\..\src\Box.cpp">
      <Filter>Source Files\Geometry</Filter>
    </ClCompile>
    <ClCompile Include="..\..\src\Distribution.cpp">
      <Filter>Source Files\Math</Filter>
    </ClCompile>
    <ClCompile Include="..\..\src\Perspective.cpp">
      <Filter>Source Files\Camera</Filter>
    </ClCompile>
    <ClCompile Include="..\..\src\BDPT.cpp">
      <Filter>Source Files\Integrators</Filter>
    </ClCompile>
    <ClCompile Include="..\..\src\Film.cpp">
      <Filter>Source Files\Camera</Filter>
    </ClCompile>
    <ClCompile Include="..\..\src\Image.cpp">
      <Filter>Source Files\Renderer</Filter>
    </ClCompile>
    <ClCompile Include="..\..\src\Shape.cpp">
      <Filter>Source Files\Geometry</Filter>
    </ClCompile>
    <ClCompile Include="..\..\src\Quad.cpp">
      <Filter>Source Files\Geometry</Filter>
    </ClCompile>
    <ClCompile Include="..\..\src\SpotLight.cpp">
      <Filter>Source Files\Lights</Filter>
    </ClCompile>
    <ClCompile Include="..\..\src\Phong.cpp">
      <Filter>Source Files\Material</Filter>
    </ClCompile>
    <ClCompile Include="..\..\src\Random.cpp">
      <Filter>Source Files\Sampling</Filter>
    </ClCompile>
    <ClCompile Include="..\..\src\RandomSampler.cpp">
      <Filter>Source Files\Sampling</Filter>
    </ClCompile>
    <ClCompile Include="..\..\src\Spectral.cpp">
      <Filter>Source Files\Spectral</Filter>
    </ClCompile>
    <ClCompile Include="..\..\src\DirectionalLight.cpp">
      <Filter>Source Files\Lights</Filter>
    </ClCompile>
  </ItemGroup>
  <ItemGroup>
    <ClInclude Include="..\..\src\Utils.h">
      <Filter>Header Files\Utils</Filter>
    </ClInclude>
    <ClInclude Include="..\..\src\Camera.h">
      <Filter>Header Files\Camera</Filter>
    </ClInclude>
    <ClInclude Include="..\..\src\Sphere.h">
      <Filter>Header Files\Geometry</Filter>
    </ClInclude>
    <ClInclude Include="..\..\src\Cylinder.h">
      <Filter>Header Files\Geometry</Filter>
    </ClInclude>
    <ClInclude Include="..\..\src\Plane.h">
      <Filter>Header Files\Geometry</Filter>
    </ClInclude>
    <ClInclude Include="..\..\src\Vector.h">
      <Filter>Header Files\Math</Filter>
    </ClInclude>
    <ClInclude Include="..\..\src\Polygon.h">
      <Filter>Header Files\Geometry</Filter>
    </ClInclude>
    <ClInclude Include="..\..\src\PolygonPatch.h">
      <Filter>Header Files\Geometry</Filter>
    </ClInclude>
    <ClInclude Include="..\..\src\Triangle.h">
      <Filter>Header Files\Geometry</Filter>
    </ClInclude>
    <ClInclude Include="..\..\src\Light.h">
      <Filter>Header Files\Light</Filter>
    </ClInclude>
    <ClInclude Include="..\..\src\Vertex.h">
      <Filter>Header Files\Geometry</Filter>
    </ClInclude>
    <ClInclude Include="..\..\src\Threading.h">
      <Filter>Header Files\Threads</Filter>
    </ClInclude>
    <ClInclude Include="..\..\src\Task.h">
      <Filter>Header Files\Threads</Filter>
    </ClInclude>
    <ClInclude Include="..\..\src\WorkerPool.h">
      <Filter>Header Files\Threads</Filter>
    </ClInclude>
    <ClInclude Include="..\..\src\Ray.h">
      <Filter>Header Files\Math</Filter>
    </ClInclude>
    <ClInclude Include="..\..\src\NFFParser.h">
      <Filter>Header Files\Utils</Filter>
    </ClInclude>
    <ClInclude Include="..\..\src\OpenGLRenderer.h">
      <Filter>Header Files\Renderer</Filter>
    </ClInclude>
    <ClInclude Include="..\..\src\Renderer.h">
      <Filter>Header Files\Renderer</Filter>
    </ClInclude>
    <ClInclude Include="..\..\src\WhittedRayTracer.h">
      <Filter>Header Files\Integrator</Filter>
    </ClInclude>
    <ClInclude Include="..\..\src\Scene.h">
      <Filter>Header Files\Renderer</Filter>
    </ClInclude>
    <ClInclude Include="..\..\src\Box.h">
      <Filter>Header Files\Geometry</Filter>
    </ClInclude>
    <ClInclude Include="..\..\src\IntTypes.h">
      <Filter>Header Files\Math</Filter>
    </ClInclude>
    <ClInclude Include="..\..\src\Matrix.h">
      <Filter>Header Files\Math</Filter>
    </ClInclude>
    <ClInclude Include="..\..\src\PhotonTracer.h">
      <Filter>Header Files</Filter>
    </ClInclude>
    <ClInclude Include="..\..\src\Transform.h">
      <Filter>Header Files\Math</Filter>
    </ClInclude>
    <ClInclude Include="..\..\src\Timer.h">
      <Filter>Header Files\Utils</Filter>
    </ClInclude>
    <ClInclude Include="..\..\src\Random.h">
      <Filter>Header Files\Sampling</Filter>
    </ClInclude>
    <ClInclude Include="..\..\src\Bounds.h">
      <Filter>Header Files\Geometry</Filter>
    </ClInclude>
    <ClInclude Include="..\..\src\UniformGrid.h">
      <Filter>Header Files\Spatial</Filter>
    </ClInclude>
    <ClInclude Include="..\..\src\ParamList.h">
      <Filter>Header Files\Utils</Filter>
    </ClInclude>
    <ClInclude Include="..\..\src\Sampling.h">
      <Filter>Header Files\Sampling</Filter>
    </ClInclude>
    <ClInclude Include="..\..\src\Quad.h">
      <Filter>Header Files\Geometry</Filter>
    </ClInclude>
    <ClInclude Include="..\..\src\Shape.h">
      <Filter>Header Files\Geometry</Filter>
    </ClInclude>
    <ClInclude Include="..\..\src\AreaLight.h">
      <Filter>Header Files\Light</Filter>
    </ClInclude>
    <ClInclude Include="..\..\src\PhotonMath.h">
      <Filter>Header Files\Math</Filter>
    </ClInclude>
    <ClInclude Include="..\..\src\Frame.h">
      <Filter>Header Files\Math</Filter>
    </ClInclude>
    <ClInclude Include="..\..\src\Fresnel.h">
      <Filter>Header Files\Material</Filter>
    </ClInclude>
    <ClInclude Include="..\..\src\Film.h">
      <Filter>Header Files\Camera</Filter>
    </ClInclude>
    <ClInclude Include="..\..\src\Sampler.h">
      <Filter>Header Files\Sampling</Filter>
    </ClInclude>
    <ClInclude Include="..\..\src\StratifiedSampler.h">
      <Filter>Header Files\Sampling</Filter>
    </ClInclude>
    <ClInclude Include="..\..\src\Spectral.h">
      <Filter>Header Files\Spectral</Filter>
    </ClInclude>
    <ClInclude Include="..\..\src\Tonemap.h">
      <Filter>Header Files\Spectral</Filter>
    </ClInclude>
    <ClInclude Include="..\..\src\BSDF.h">
      <Filter>Header Files\Material</Filter>
    </ClInclude>
    <ClInclude Include="..\..\src\Lambertian.h">
      <Filter>Header Files\Material</Filter>
    </ClInclude>
    <ClInclude Include="..\..\src\Microfacet.h">
      <Filter>Header Files\Material</Filter>
    </ClInclude>
    <ClInclude Include="..\..\src\Texture.h">
      <Filter>Header Files\Texture</Filter>
    </ClInclude>
    <ClInclude Include="..\..\src\ConstTexture.h">
      <Filter>Header Files\Texture</Filter>
    </ClInclude>
    <ClInclude Include="..\..\src\Specular.h">
      <Filter>Header Files\Material</Filter>
    </ClInclude>
    <ClInclude Include="..\..\src\Filter.h">
      <Filter>Header Files\Filter</Filter>
    </ClInclude>
    <ClInclude Include="..\..\src\BoxFilter.h">
      <Filter>Header Files\Filter</Filter>
    </ClInclude>
    <ClInclude Include="..\..\src\GaussianFilter.h">
      <Filter>Header Files\Filter</Filter>
    </ClInclude>
    <ClInclude Include="..\..\src\Resources.h">
      <Filter>Header Files\Utils</Filter>
    </ClInclude>
    <ClInclude Include="..\..\src\Records.h">
      <Filter>Header Files\Sampling</Filter>
    </ClInclude>
    <ClInclude Include="..\..\src\OrenNayar.h">
      <Filter>Header Files\Material</Filter>
    </ClInclude>
    <ClInclude Include="..\..\src\PathTracer.h">
      <Filter>Header Files\Integrator</Filter>
    </ClInclude>
    <ClInclude Include="..\..\src\Integrator.h">
      <Filter>Header Files\Integrator</Filter>
    </ClInclude>
    <ClInclude Include="..\..\src\Quat.h">
      <Filter>Header Files\Math</Filter>
    </ClInclude>
    <ClInclude Include="..\..\src\Animation.h">
      <Filter>Header Files\Math</Filter>
    </ClInclude>
    <ClInclude Include="..\..\src\ThinSpecular.h">
      <Filter>Header Files\Material</Filter>
    </ClInclude>
    <ClInclude Include="..\..\src\Bump.h">
      <Filter>Header Files\Material</Filter>
    </ClInclude>
    <ClInclude Include="..\..\src\PointLight.h">
      <Filter>Header Files\Light</Filter>
    </ClInclude>
    <ClInclude Include="..\..\src\Perspective.h">
      <Filter>Header Files\Camera</Filter>
    </ClInclude>
    <ClInclude Include="..\..\src\BDPT.h">
      <Filter>Header Files\Integrator</Filter>
    </ClInclude>
    <ClInclude Include="..\..\src\Quadric.h">
      <Filter>Header Files\Geometry</Filter>
    </ClInclude>
    <ClInclude Include="..\..\src\RoughPlastic.h">
      <Filter>Header Files\Material</Filter>
    </ClInclude>
    <ClInclude Include="..\..\src\RoughSpecular.h">
      <Filter>Header Files\Material</Filter>
    </ClInclude>
    <ClInclude Include="..\..\src\MicrofacetRefraction.h">
      <Filter>Header Files\Material</Filter>
    </ClInclude>
    <ClInclude Include="..\..\src\MicrofacetReflection.h">
      <Filter>Header Files\Material</Filter>
    </ClInclude>
    <ClInclude Include="..\..\src\RoughLayered.h">
      <Filter>Header Files\Material</Filter>
    </ClInclude>
    <ClInclude Include="..\..\src\Conductor.h">
      <Filter>Header Files\Material</Filter>
    </ClInclude>
    <ClInclude Include="..\..\src\ImageTexture.h">
      <Filter>Header Files\Texture</Filter>
    </ClInclude>
    <ClInclude Include="..\..\src\TriMesh.h">
      <Filter>Header Files\Geometry</Filter>
    </ClInclude>
    <ClInclude Include="..\..\src\MatrixStack.h">
      <Filter>Header Files\Utils</Filter>
    </ClInclude>
    <ClInclude Include="..\..\src\AshikhminShirley.h">
      <Filter>Header Files\Material</Filter>
    </ClInclude>
    <ClInclude Include="..\..\src\SmoothLayered.h">
      <Filter>Header Files\Material</Filter>
    </ClInclude>
    <ClInclude Include="..\..\src\MetropolisSampler.h">
      <Filter>Header Files\Sampling</Filter>
    </ClInclude>
    <ClInclude Include="..\..\src\RandomSampler.h">
      <Filter>Header Files\Sampling</Filter>
    </ClInclude>
    <ClInclude Include="..\..\src\Phong.h">
      <Filter>Header Files\Material</Filter>
    </ClInclude>
    <ClInclude Include="..\..\src\Distribution.h">
      <Filter>Header Files\Math</Filter>
    </ClInclude>
    <ClInclude Include="..\..\src\DirectionalLight.h">
      <Filter>Header Files\Light</Filter>
    </ClInclude>
    <ClInclude Include="..\..\src\SobolSampler.h">
      <Filter>Header Files\Sampling</Filter>
    </ClInclude>
    <ClInclude Include="..\..\src\Atomic.h">
      <Filter>Header Files\Math</Filter>
    </ClInclude>
    <ClInclude Include="..\..\src\Image.h">
      <Filter>Header Files\Renderer</Filter>
    </ClInclude>
    <ClInclude Include="..\..\src\SpotLight.h">
      <Filter>Header Files\Light</Filter>
    </ClInclude>
  </ItemGroup>
  <ItemGroup>
    <None Include="..\..\settings.json">
      <Filter>Resource Files</Filter>
    </None>
    <None Include="..\..\src\Matrix.inl">
      <Filter>Header Files\Math</Filter>
    </None>
    <None Include="..\..\src\Vector.inl">
      <Filter>Header Files\Math</Filter>
    </None>
    <None Include="..\..\src\PhotonMath.inl">
      <Filter>Header Files\Math</Filter>
    </None>
    <None Include="..\..\src\Quat.inl">
      <Filter>Header Files\Math</Filter>
    </None>
    <None Include="..\..\src\Sampler.inl">
      <Filter>Header Files\Sampling</Filter>
    </None>
  </ItemGroup>
</Project>